
Microsoft Visual Studio Solution File, Format Version 12.00
# Visual Studio 14
VisualStudioVersion = 14.0.24720.0
MinimumVisualStudioVersion = 10.0.40219.1
Project("{FAE04EC0-301F-11D3-BF4B-00C04F79EFBC}") = "BannerChecker.Lib.FileInfo", "BannerChecker.Lib.FileInfo\BannerChecker.Lib.FileInfo.csproj", "{B55964B3-8D76-42BE-83F6-A2137B6965F6}"
EndProject
Project("{FAE04EC0-301F-11D3-BF4B-00C04F79EFBC}") = "BannerChecker.Wpf", "BannerChecker.Wpf\BannerChecker.Wpf.csproj", "{95F5EBA0-4DCB-45C5-B0FF-245E952477BE}"
EndProject
Global
	GlobalSection(SolutionConfigurationPlatforms) = preSolution
		Debug|Any CPU = Debug|Any CPU
		Release|Any CPU = Release|Any CPU
	EndGlobalSection
	GlobalSection(ProjectConfigurationPlatforms) = postSolution
		{B55964B3-8D76-42BE-83F6-A2137B6965F6}.Debug|Any CPU.ActiveCfg = Debug|Any CPU
		{B55964B3-8D76-42BE-83F6-A2137B6965F6}.Debug|Any CPU.Build.0 = Debug|Any CPU
		{B55964B3-8D76-42BE-83F6-A2137B6965F6}.Release|Any CPU.ActiveCfg = Release|Any CPU
		{B55964B3-8D76-42BE-83F6-A2137B6965F6}.Release|Any CPU.Build.0 = Release|Any CPU
		{95F5EBA0-4DCB-45C5-B0FF-245E952477BE}.Debug|Any CPU.ActiveCfg = Debug|Any CPU
		{95F5EBA0-4DCB-45C5-B0FF-245E952477BE}.Debug|Any CPU.Build.0 = Debug|Any CPU
		{95F5EBA0-4DCB-45C5-B0FF-245E952477BE}.Release|Any CPU.ActiveCfg = Release|Any CPU
		{95F5EBA0-4DCB-45C5-B0FF-245E952477BE}.Release|Any CPU.Build.0 = Release|Any CPU
	EndGlobalSection
	GlobalSection(SolutionProperties) = preSolution
		HideSolutionNode = FALSE
	EndGlobalSection
EndGlobal
